
Microsoft Visual Studio Solution File, Format Version 12.00
# Visual Studio Version 17
VisualStudioVersion = 17.5.33516.290
MinimumVisualStudioVersion = 10.0.40219.1
Project("{FAE04EC0-301F-11D3-BF4B-00C04F79EFBC}") = "Day6_Problems", "Day6_Problems\Day6_Problems.csproj", "{4CA03A75-491D-4694-9A7A-76DBCD5573EA}"
EndProject
Global
	GlobalSection(SolutionConfigurationPlatforms) = preSolution
		Debug|Any CPU = Debug|Any CPU
		Release|Any CPU = Release|Any CPU
	EndGlobalSection
	GlobalSection(ProjectConfigurationPlatforms) = postSolution
		{4CA03A75-491D-4694-9A7A-76DBCD5573EA}.Debug|Any CPU.ActiveCfg = Debug|Any CPU
		{4CA03A75-491D-4694-9A7A-76DBCD5573EA}.Debug|Any CPU.Build.0 = Debug|Any CPU
		{4CA03A75-491D-4694-9A7A-76DBCD5573EA}.Release|Any CPU.ActiveCfg = Release|Any CPU
		{4CA03A75-491D-4694-9A7A-76DBCD5573EA}.Release|Any CPU.Build.0 = Release|Any CPU
	EndGlobalSection
	GlobalSection(SolutionProperties) = preSolution
		HideSolutionNode = FALSE
	EndGlobalSection
	GlobalSection(ExtensibilityGlobals) = postSolution
		SolutionGuid = {90696D51-70BA-49FC-A7C4-C766AA113BDA}
	EndGlobalSection
EndGlobal
